// !$*UTF8*$!
{
	archiveVersion = 1;
	classes = {
	};
	objectVersion = 56;
	objects = {

/* Begin PBXBuildFile section */
		CA1A06492A68712000A72265 /* ListView.swift in Sources */ = {isa = PBXBuildFile; fileRef = CA1A06482A68712000A72265 /* ListView.swift */; };
		CA1A064C2A687E5D00A72265 /* TodoItemView.swift in Sources */ = {isa = PBXBuildFile; fileRef = CA1A064B2A687E5D00A72265 /* TodoItemView.swift */; };
		CA1A06542A69C4EC00A72265 /* ListViewModel.swift in Sources */ = {isa = PBXBuildFile; fileRef = CA1A06532A69C4EC00A72265 /* ListViewModel.swift */; };
		CA1A06942A69E6D400A72265 /* CellView.swift in Sources */ = {isa = PBXBuildFile; fileRef = CA1A06932A69E6D400A72265 /* CellView.swift */; };
		CA1A06962A69E8AE00A72265 /* CheckBoxView.swift in Sources */ = {isa = PBXBuildFile; fileRef = CA1A06952A69E8AE00A72265 /* CheckBoxView.swift */; };
		CA1A06982A69EE0900A72265 /* DeadLineDateView.swift in Sources */ = {isa = PBXBuildFile; fileRef = CA1A06972A69EE0900A72265 /* DeadLineDateView.swift */; };
		CA1A069A2A69F0A900A72265 /* TodoItem.swift in Sources */ = {isa = PBXBuildFile; fileRef = CA1A06992A69F0A900A72265 /* TodoItem.swift */; };
		CA1A069C2A69F0ED00A72265 /* ImportanceSymbolView.swift in Sources */ = {isa = PBXBuildFile; fileRef = CA1A069B2A69F0ED00A72265 /* ImportanceSymbolView.swift */; };
		CA1A06A12A6AAF2000A72265 /* URLSession+Extension.swift in Sources */ = {isa = PBXBuildFile; fileRef = CA1A06A02A6AAF2000A72265 /* URLSession+Extension.swift */; };
		CA1A06A32A6AAF3C00A72265 /* NetworkingService.swift in Sources */ = {isa = PBXBuildFile; fileRef = CA1A06A22A6AAF3C00A72265 /* NetworkingService.swift */; };
		CA1A06A52A6AAF5300A72265 /* DefaultNetworkingService.swift in Sources */ = {isa = PBXBuildFile; fileRef = CA1A06A42A6AAF5300A72265 /* DefaultNetworkingService.swift */; };
		CA1A06A92A6AC2B200A72265 /* AddNewCellView.swift in Sources */ = {isa = PBXBuildFile; fileRef = CA1A06A82A6AC2B200A72265 /* AddNewCellView.swift */; };
		CA1A06AB2A6B226600A72265 /* CoreDataManager.swift in Sources */ = {isa = PBXBuildFile; fileRef = CA1A06AA2A6B226600A72265 /* CoreDataManager.swift */; };
		CA1A06AE2A6B277D00A72265 /* TodoItemCD+CoreDataClass.swift in Sources */ = {isa = PBXBuildFile; fileRef = CA1A06AC2A6B277D00A72265 /* TodoItemCD+CoreDataClass.swift */; };
		CA1A06B12A6B444500A72265 /* HeaderView.swift in Sources */ = {isa = PBXBuildFile; fileRef = CA1A06B02A6B444500A72265 /* HeaderView.swift */; };
		CA1A06B52A6B626D00A72265 /* ToDoListSwiftUI.xcdatamodeld in Sources */ = {isa = PBXBuildFile; fileRef = CA1A06B22A6B626D00A72265 /* ToDoListSwiftUI.xcdatamodeld */; };
		CA24D1352A45C47A002C565D /* UIFont+Extencion.swift in Sources */ = {isa = PBXBuildFile; fileRef = CA24D1342A45C47A002C565D /* UIFont+Extencion.swift */; };
		CA24D1372A460B57002C565D /* SeparatorView.swift in Sources */ = {isa = PBXBuildFile; fileRef = CA24D1362A460B57002C565D /* SeparatorView.swift */; };
		CA24D1392A4642C2002C565D /* Date+Extension.swift in Sources */ = {isa = PBXBuildFile; fileRef = CA24D1382A4642C2002C565D /* Date+Extension.swift */; };
		CA4875602A433F8400A38E3C /* EditTodoItemViewController.swift in Sources */ = {isa = PBXBuildFile; fileRef = CA48755F2A433F8400A38E3C /* EditTodoItemViewController.swift */; };
		CA4CB5942A44D9930093F371 /* CellView.swift in Sources */ = {isa = PBXBuildFile; fileRef = CA4CB5932A44D9930093F371 /* CellView.swift */; };
		CA683D6A2A4F7F40003EA596 /* AddCellView.swift in Sources */ = {isa = PBXBuildFile; fileRef = CA683D692A4F7F40003EA596 /* AddCellView.swift */; };
		CA683D6C2A4F809E003EA596 /* TableViewHeader.swift in Sources */ = {isa = PBXBuildFile; fileRef = CA683D6B2A4F809E003EA596 /* TableViewHeader.swift */; };
		CA69B3082A6575D2000F5ECC /* ToDoListSwiftUIApp.swift in Sources */ = {isa = PBXBuildFile; fileRef = CA69B3072A6575D2000F5ECC /* ToDoListSwiftUIApp.swift */; };
		CA69B30C2A6575D3000F5ECC /* Assets.xcassets in Resources */ = {isa = PBXBuildFile; fileRef = CA69B30B2A6575D3000F5ECC /* Assets.xcassets */; };
		CA69B30F2A6575D3000F5ECC /* Preview Assets.xcassets in Resources */ = {isa = PBXBuildFile; fileRef = CA69B30E2A6575D3000F5ECC /* Preview Assets.xcassets */; };
		CA7352E32A571D1800AAAD19 /* URLSession+Extension.swift in Sources */ = {isa = PBXBuildFile; fileRef = CA7352E22A571D1800AAAD19 /* URLSession+Extension.swift */; };
		CA7352E52A572BE500AAAD19 /* NetworkingService.swift in Sources */ = {isa = PBXBuildFile; fileRef = CA7352E42A572BE500AAAD19 /* NetworkingService.swift */; };
		CA7352E72A572BF800AAAD19 /* DefaultNetworkingService.swift in Sources */ = {isa = PBXBuildFile; fileRef = CA7352E62A572BF800AAAD19 /* DefaultNetworkingService.swift */; };
		CAB0F59D2A5342D5009503D3 /* TodoItem.swift in Sources */ = {isa = PBXBuildFile; fileRef = CAB0F59C2A5342D5009503D3 /* TodoItem.swift */; };
		CAB0F59F2A5342DB009503D3 /* TodoItemTests.swift in Sources */ = {isa = PBXBuildFile; fileRef = CAB0F59E2A5342DB009503D3 /* TodoItemTests.swift */; };
		CAB5B2192A387F6200DC0A05 /* FileCache.swift in Sources */ = {isa = PBXBuildFile; fileRef = CAB5B2182A387F6200DC0A05 /* FileCache.swift */; };
		CAC1D66C2A379EEC005A45BC /* AppDelegate.swift in Sources */ = {isa = PBXBuildFile; fileRef = CAC1D66B2A379EEC005A45BC /* AppDelegate.swift */; };
		CAC1D66E2A379EEC005A45BC /* SceneDelegate.swift in Sources */ = {isa = PBXBuildFile; fileRef = CAC1D66D2A379EEC005A45BC /* SceneDelegate.swift */; };
		CAC1D6702A379EEC005A45BC /* RootViewController.swift in Sources */ = {isa = PBXBuildFile; fileRef = CAC1D66F2A379EEC005A45BC /* RootViewController.swift */; };
		CAC1D6752A379EEE005A45BC /* Assets.xcassets in Resources */ = {isa = PBXBuildFile; fileRef = CAC1D6742A379EEE005A45BC /* Assets.xcassets */; };
		CAC1D6782A379EEE005A45BC /* LaunchScreen.storyboard in Resources */ = {isa = PBXBuildFile; fileRef = CAC1D6762A379EEE005A45BC /* LaunchScreen.storyboard */; };
		CACB2C402A4D95F2009EE84B /* UIColor+Extencion.swift in Sources */ = {isa = PBXBuildFile; fileRef = CACB2C3F2A4D95F2009EE84B /* UIColor+Extencion.swift */; };
		CACB2C432A4D9B21009EE84B /* RootViewModel.swift in Sources */ = {isa = PBXBuildFile; fileRef = CACB2C422A4D9B21009EE84B /* RootViewModel.swift */; };
		CACB2C452A4E2D9F009EE84B /* EditTodoItemViewModel.swift in Sources */ = {isa = PBXBuildFile; fileRef = CACB2C442A4E2D9F009EE84B /* EditTodoItemViewModel.swift */; };
		CAD3604C2A60071E00B8AD58 /* CoreDataManager.swift in Sources */ = {isa = PBXBuildFile; fileRef = CAD3604B2A60071E00B8AD58 /* CoreDataManager.swift */; };
		CAD3604F2A61AE9400B8AD58 /* SQLite in Frameworks */ = {isa = PBXBuildFile; productRef = CAD3604E2A61AE9400B8AD58 /* SQLite */; };
		CAD360522A61B09E00B8AD58 /* SQLiteManager.swift in Sources */ = {isa = PBXBuildFile; fileRef = CAD360512A61B09E00B8AD58 /* SQLiteManager.swift */; };
		CAD66F872A42299F00167F5A /* FileCacheTests.swift in Sources */ = {isa = PBXBuildFile; fileRef = CAD66F862A42299F00167F5A /* FileCacheTests.swift */; };
		CAEE11AD2A5EF526006EB357 /* ToDoListModel.xcdatamodeld in Sources */ = {isa = PBXBuildFile; fileRef = CAEE11AB2A5EF526006EB357 /* ToDoListModel.xcdatamodeld */; };
		CAEE11F02A5F0398006EB357 /* TodoItemCD+CoreDataClass.swift in Sources */ = {isa = PBXBuildFile; fileRef = CAEE11EE2A5F0398006EB357 /* TodoItemCD+CoreDataClass.swift */; };
/* End PBXBuildFile section */

/* Begin PBXContainerItemProxy section */
		CAC1D67F2A379EEE005A45BC /* PBXContainerItemProxy */ = {
			isa = PBXContainerItemProxy;
			containerPortal = CAC1D6602A379EEC005A45BC /* Project object */;
			proxyType = 1;
			remoteGlobalIDString = CAC1D6672A379EEC005A45BC;
			remoteInfo = ToDoList;
		};
/* End PBXContainerItemProxy section */

/* Begin PBXFileReference section */
		CA1A06482A68712000A72265 /* ListView.swift */ = {isa = PBXFileReference; lastKnownFileType = sourcecode.swift; path = ListView.swift; sourceTree = "<group>"; };
		CA1A064B2A687E5D00A72265 /* TodoItemView.swift */ = {isa = PBXFileReference; lastKnownFileType = sourcecode.swift; path = TodoItemView.swift; sourceTree = "<group>"; };
		CA1A06532A69C4EC00A72265 /* ListViewModel.swift */ = {isa = PBXFileReference; lastKnownFileType = sourcecode.swift; path = ListViewModel.swift; sourceTree = "<group>"; };
		CA1A06932A69E6D400A72265 /* CellView.swift */ = {isa = PBXFileReference; lastKnownFileType = sourcecode.swift; path = CellView.swift; sourceTree = "<group>"; };
		CA1A06952A69E8AE00A72265 /* CheckBoxView.swift */ = {isa = PBXFileReference; lastKnownFileType = sourcecode.swift; path = CheckBoxView.swift; sourceTree = "<group>"; };
		CA1A06972A69EE0900A72265 /* DeadLineDateView.swift */ = {isa = PBXFileReference; lastKnownFileType = sourcecode.swift; path = DeadLineDateView.swift; sourceTree = "<group>"; };
		CA1A06992A69F0A900A72265 /* TodoItem.swift */ = {isa = PBXFileReference; lastKnownFileType = sourcecode.swift; path = TodoItem.swift; sourceTree = "<group>"; };
		CA1A069B2A69F0ED00A72265 /* ImportanceSymbolView.swift */ = {isa = PBXFileReference; lastKnownFileType = sourcecode.swift; path = ImportanceSymbolView.swift; sourceTree = "<group>"; };
		CA1A06A02A6AAF2000A72265 /* URLSession+Extension.swift */ = {isa = PBXFileReference; lastKnownFileType = sourcecode.swift; path = "URLSession+Extension.swift"; sourceTree = "<group>"; };
		CA1A06A22A6AAF3C00A72265 /* NetworkingService.swift */ = {isa = PBXFileReference; lastKnownFileType = sourcecode.swift; path = NetworkingService.swift; sourceTree = "<group>"; };
		CA1A06A42A6AAF5300A72265 /* DefaultNetworkingService.swift */ = {isa = PBXFileReference; lastKnownFileType = sourcecode.swift; path = DefaultNetworkingService.swift; sourceTree = "<group>"; };
		CA1A06A82A6AC2B200A72265 /* AddNewCellView.swift */ = {isa = PBXFileReference; lastKnownFileType = sourcecode.swift; path = AddNewCellView.swift; sourceTree = "<group>"; };
		CA1A06AA2A6B226600A72265 /* CoreDataManager.swift */ = {isa = PBXFileReference; lastKnownFileType = sourcecode.swift; path = CoreDataManager.swift; sourceTree = "<group>"; };
		CA1A06AC2A6B277D00A72265 /* TodoItemCD+CoreDataClass.swift */ = {isa = PBXFileReference; lastKnownFileType = sourcecode.swift; path = "TodoItemCD+CoreDataClass.swift"; sourceTree = "<group>"; };
		CA1A06B02A6B444500A72265 /* HeaderView.swift */ = {isa = PBXFileReference; lastKnownFileType = sourcecode.swift; path = HeaderView.swift; sourceTree = "<group>"; };
		CA1A06B32A6B626D00A72265 /* fff.xcdatamodel */ = {isa = PBXFileReference; lastKnownFileType = wrapper.xcdatamodel; path = fff.xcdatamodel; sourceTree = "<group>"; };
		CA1A06B42A6B626D00A72265 /* ToDoListSwiftUI.xcdatamodel */ = {isa = PBXFileReference; lastKnownFileType = wrapper.xcdatamodel; path = ToDoListSwiftUI.xcdatamodel; sourceTree = "<group>"; };
		CA24D1342A45C47A002C565D /* UIFont+Extencion.swift */ = {isa = PBXFileReference; lastKnownFileType = sourcecode.swift; path = "UIFont+Extencion.swift"; sourceTree = "<group>"; };
		CA24D1362A460B57002C565D /* SeparatorView.swift */ = {isa = PBXFileReference; lastKnownFileType = sourcecode.swift; path = SeparatorView.swift; sourceTree = "<group>"; };
		CA24D1382A4642C2002C565D /* Date+Extension.swift */ = {isa = PBXFileReference; lastKnownFileType = sourcecode.swift; path = "Date+Extension.swift"; sourceTree = "<group>"; };
		CA48755F2A433F8400A38E3C /* EditTodoItemViewController.swift */ = {isa = PBXFileReference; lastKnownFileType = sourcecode.swift; path = EditTodoItemViewController.swift; sourceTree = "<group>"; };
		CA4CB5932A44D9930093F371 /* CellView.swift */ = {isa = PBXFileReference; lastKnownFileType = sourcecode.swift; path = CellView.swift; sourceTree = "<group>"; };
		CA683D692A4F7F40003EA596 /* AddCellView.swift */ = {isa = PBXFileReference; lastKnownFileType = sourcecode.swift; path = AddCellView.swift; sourceTree = "<group>"; };
		CA683D6B2A4F809E003EA596 /* TableViewHeader.swift */ = {isa = PBXFileReference; lastKnownFileType = sourcecode.swift; path = TableViewHeader.swift; sourceTree = "<group>"; };
		CA69B3052A6575D2000F5ECC /* ToDoListSwiftUI.app */ = {isa = PBXFileReference; explicitFileType = wrapper.application; includeInIndex = 0; path = ToDoListSwiftUI.app; sourceTree = BUILT_PRODUCTS_DIR; };
		CA69B3072A6575D2000F5ECC /* ToDoListSwiftUIApp.swift */ = {isa = PBXFileReference; lastKnownFileType = sourcecode.swift; path = ToDoListSwiftUIApp.swift; sourceTree = "<group>"; };
		CA69B30B2A6575D3000F5ECC /* Assets.xcassets */ = {isa = PBXFileReference; lastKnownFileType = folder.assetcatalog; path = Assets.xcassets; sourceTree = "<group>"; };
		CA69B30E2A6575D3000F5ECC /* Preview Assets.xcassets */ = {isa = PBXFileReference; lastKnownFileType = folder.assetcatalog; path = "Preview Assets.xcassets"; sourceTree = "<group>"; };
		CA7352E22A571D1800AAAD19 /* URLSession+Extension.swift */ = {isa = PBXFileReference; lastKnownFileType = sourcecode.swift; path = "URLSession+Extension.swift"; sourceTree = "<group>"; };
		CA7352E42A572BE500AAAD19 /* NetworkingService.swift */ = {isa = PBXFileReference; lastKnownFileType = sourcecode.swift; path = NetworkingService.swift; sourceTree = "<group>"; };
		CA7352E62A572BF800AAAD19 /* DefaultNetworkingService.swift */ = {isa = PBXFileReference; lastKnownFileType = sourcecode.swift; path = DefaultNetworkingService.swift; sourceTree = "<group>"; };
		CAB0F59C2A5342D5009503D3 /* TodoItem.swift */ = {isa = PBXFileReference; fileEncoding = 4; lastKnownFileType = sourcecode.swift; path = TodoItem.swift; sourceTree = "<group>"; };
		CAB0F59E2A5342DB009503D3 /* TodoItemTests.swift */ = {isa = PBXFileReference; fileEncoding = 4; lastKnownFileType = sourcecode.swift; path = TodoItemTests.swift; sourceTree = "<group>"; };
		CAB5B2182A387F6200DC0A05 /* FileCache.swift */ = {isa = PBXFileReference; lastKnownFileType = sourcecode.swift; path = FileCache.swift; sourceTree = "<group>"; };
		CAC1D6682A379EEC005A45BC /* ToDoList.app */ = {isa = PBXFileReference; explicitFileType = wrapper.application; includeInIndex = 0; path = ToDoList.app; sourceTree = BUILT_PRODUCTS_DIR; };
		CAC1D66B2A379EEC005A45BC /* AppDelegate.swift */ = {isa = PBXFileReference; lastKnownFileType = sourcecode.swift; path = AppDelegate.swift; sourceTree = "<group>"; };
		CAC1D66D2A379EEC005A45BC /* SceneDelegate.swift */ = {isa = PBXFileReference; lastKnownFileType = sourcecode.swift; path = SceneDelegate.swift; sourceTree = "<group>"; };
		CAC1D66F2A379EEC005A45BC /* RootViewController.swift */ = {isa = PBXFileReference; lastKnownFileType = sourcecode.swift; path = RootViewController.swift; sourceTree = "<group>"; };
		CAC1D6742A379EEE005A45BC /* Assets.xcassets */ = {isa = PBXFileReference; lastKnownFileType = folder.assetcatalog; path = Assets.xcassets; sourceTree = "<group>"; };
		CAC1D6772A379EEE005A45BC /* Base */ = {isa = PBXFileReference; lastKnownFileType = file.storyboard; name = Base; path = Base.lproj/LaunchScreen.storyboard; sourceTree = "<group>"; };
		CAC1D6792A379EEE005A45BC /* Info.plist */ = {isa = PBXFileReference; lastKnownFileType = text.plist.xml; path = Info.plist; sourceTree = "<group>"; };
		CAC1D67E2A379EEE005A45BC /* ToDoListTests.xctest */ = {isa = PBXFileReference; explicitFileType = wrapper.cfbundle; includeInIndex = 0; path = ToDoListTests.xctest; sourceTree = BUILT_PRODUCTS_DIR; };
		CACB2C3F2A4D95F2009EE84B /* UIColor+Extencion.swift */ = {isa = PBXFileReference; lastKnownFileType = sourcecode.swift; path = "UIColor+Extencion.swift"; sourceTree = "<group>"; };
		CACB2C422A4D9B21009EE84B /* RootViewModel.swift */ = {isa = PBXFileReference; lastKnownFileType = sourcecode.swift; path = RootViewModel.swift; sourceTree = "<group>"; };
		CACB2C442A4E2D9F009EE84B /* EditTodoItemViewModel.swift */ = {isa = PBXFileReference; lastKnownFileType = sourcecode.swift; path = EditTodoItemViewModel.swift; sourceTree = "<group>"; };
		CAD3604B2A60071E00B8AD58 /* CoreDataManager.swift */ = {isa = PBXFileReference; lastKnownFileType = sourcecode.swift; path = CoreDataManager.swift; sourceTree = "<group>"; };
		CAD360512A61B09E00B8AD58 /* SQLiteManager.swift */ = {isa = PBXFileReference; lastKnownFileType = sourcecode.swift; path = SQLiteManager.swift; sourceTree = "<group>"; };
		CAD66F862A42299F00167F5A /* FileCacheTests.swift */ = {isa = PBXFileReference; lastKnownFileType = sourcecode.swift; path = FileCacheTests.swift; sourceTree = "<group>"; };
		CAEE11AC2A5EF526006EB357 /* TodoListModel.xcdatamodel */ = {isa = PBXFileReference; lastKnownFileType = wrapper.xcdatamodel; path = TodoListModel.xcdatamodel; sourceTree = "<group>"; };
		CAEE11EE2A5F0398006EB357 /* TodoItemCD+CoreDataClass.swift */ = {isa = PBXFileReference; lastKnownFileType = sourcecode.swift; path = "TodoItemCD+CoreDataClass.swift"; sourceTree = "<group>"; };
/* End PBXFileReference section */

/* Begin PBXFrameworksBuildPhase section */
		CA69B3022A6575D2000F5ECC /* Frameworks */ = {
			isa = PBXFrameworksBuildPhase;
			buildActionMask = 2147483647;
			files = (
			);
			runOnlyForDeploymentPostprocessing = 0;
		};
		CAC1D6652A379EEC005A45BC /* Frameworks */ = {
			isa = PBXFrameworksBuildPhase;
			buildActionMask = 2147483647;
			files = (
				CAD3604F2A61AE9400B8AD58 /* SQLite in Frameworks */,
			);
			runOnlyForDeploymentPostprocessing = 0;
		};
		CAC1D67B2A379EEE005A45BC /* Frameworks */ = {
			isa = PBXFrameworksBuildPhase;
			buildActionMask = 2147483647;
			files = (
			);
			runOnlyForDeploymentPostprocessing = 0;
		};
/* End PBXFrameworksBuildPhase section */

/* Begin PBXGroup section */
		CA16A1762A42E8A1001EABAF /* View */ = {
			isa = PBXGroup;
			children = (
				CA4CB5932A44D9930093F371 /* CellView.swift */,
				CA24D1362A460B57002C565D /* SeparatorView.swift */,
				CA683D692A4F7F40003EA596 /* AddCellView.swift */,
				CA683D6B2A4F809E003EA596 /* TableViewHeader.swift */,
			);
			path = View;
			sourceTree = "<group>";
		};
		CA16A1772A42E8B3001EABAF /* Controller */ = {
			isa = PBXGroup;
			children = (
				CAC1D66F2A379EEC005A45BC /* RootViewController.swift */,
				CA48755F2A433F8400A38E3C /* EditTodoItemViewController.swift */,
			);
			path = Controller;
			sourceTree = "<group>";
		};
		CA1A06452A6863FD00A72265 /* Views */ = {
			isa = PBXGroup;
			children = (
				CA1A06472A68641200A72265 /* TodoItemView */,
				CA1A06462A68640900A72265 /* ListView */,
			);
			path = Views;
			sourceTree = "<group>";
		};
		CA1A06462A68640900A72265 /* ListView */ = {
			isa = PBXGroup;
			children = (
				CA1A06482A68712000A72265 /* ListView.swift */,
				CA1A06932A69E6D400A72265 /* CellView.swift */,
				CA1A06952A69E8AE00A72265 /* CheckBoxView.swift */,
				CA1A06972A69EE0900A72265 /* DeadLineDateView.swift */,
				CA1A069B2A69F0ED00A72265 /* ImportanceSymbolView.swift */,
				CA1A06A82A6AC2B200A72265 /* AddNewCellView.swift */,
				CA1A06B02A6B444500A72265 /* HeaderView.swift */,
			);
			path = ListView;
			sourceTree = "<group>";
		};
		CA1A06472A68641200A72265 /* TodoItemView */ = {
			isa = PBXGroup;
			children = (
				CA1A064B2A687E5D00A72265 /* TodoItemView.swift */,
			);
			path = TodoItemView;
			sourceTree = "<group>";
		};
		CA1A064A2A68744B00A72265 /* Assets */ = {
			isa = PBXGroup;
			children = (
				CA69B30B2A6575D3000F5ECC /* Assets.xcassets */,
			);
			path = Assets;
			sourceTree = "<group>";
		};
		CA1A064D2A69939600A72265 /* Persistence */ = {
			isa = PBXGroup;
			children = (
				CA1A06AC2A6B277D00A72265 /* TodoItemCD+CoreDataClass.swift */,
				CA1A06992A69F0A900A72265 /* TodoItem.swift */,
				CA1A06AA2A6B226600A72265 /* CoreDataManager.swift */,
				CA1A06B22A6B626D00A72265 /* ToDoListSwiftUI.xcdatamodeld */,
			);
			path = Persistence;
			sourceTree = "<group>";
		};
		CA1A06522A69C4BB00A72265 /* ViewModels */ = {
			isa = PBXGroup;
			children = (
				CA1A06532A69C4EC00A72265 /* ListViewModel.swift */,
			);
			path = ViewModels;
			sourceTree = "<group>";
		};
		CA1A069F2A6AAF0A00A72265 /* Networking */ = {
			isa = PBXGroup;
			children = (
				CA1A06A02A6AAF2000A72265 /* URLSession+Extension.swift */,
				CA1A06A22A6AAF3C00A72265 /* NetworkingService.swift */,
				CA1A06A42A6AAF5300A72265 /* DefaultNetworkingService.swift */,
			);
			path = Networking;
			sourceTree = "<group>";
		};
		CA24D1312A45C3AF002C565D /* Assets */ = {
			isa = PBXGroup;
			children = (
				CAC1D6742A379EEE005A45BC /* Assets.xcassets */,
				CA24D1342A45C47A002C565D /* UIFont+Extencion.swift */,
				CA24D1382A4642C2002C565D /* Date+Extension.swift */,
				CACB2C3F2A4D95F2009EE84B /* UIColor+Extencion.swift */,
			);
			path = Assets;
			sourceTree = "<group>";
		};
		CA69B3062A6575D2000F5ECC /* ToDoListSwiftUI */ = {
			isa = PBXGroup;
			children = (
				CA1A064A2A68744B00A72265 /* Assets */,
				CA1A069F2A6AAF0A00A72265 /* Networking */,
				CA1A064D2A69939600A72265 /* Persistence */,
				CA1A06452A6863FD00A72265 /* Views */,
				CA1A06522A69C4BB00A72265 /* ViewModels */,
				CA69B3072A6575D2000F5ECC /* ToDoListSwiftUIApp.swift */,
				CA69B30D2A6575D3000F5ECC /* Preview Content */,
			);
			path = ToDoListSwiftUI;
			sourceTree = "<group>";
		};
		CA69B30D2A6575D3000F5ECC /* Preview Content */ = {
			isa = PBXGroup;
			children = (
				CA69B30E2A6575D3000F5ECC /* Preview Assets.xcassets */,
			);
			path = "Preview Content";
			sourceTree = "<group>";
		};
		CA7352E12A56DA0000AAAD19 /* Networking */ = {
			isa = PBXGroup;
			children = (
				CA7352E22A571D1800AAAD19 /* URLSession+Extension.swift */,
				CA7352E42A572BE500AAAD19 /* NetworkingService.swift */,
				CA7352E62A572BF800AAAD19 /* DefaultNetworkingService.swift */,
			);
			path = Networking;
			sourceTree = "<group>";
		};
		CAC1D65F2A379EEC005A45BC = {
			isa = PBXGroup;
			children = (
				CAC1D66A2A379EEC005A45BC /* ToDoList */,
				CAC1D6812A379EEE005A45BC /* ToDoListTests */,
				CA69B3062A6575D2000F5ECC /* ToDoListSwiftUI */,
				CAC1D6692A379EEC005A45BC /* Products */,
			);
			sourceTree = "<group>";
		};
		CAC1D6692A379EEC005A45BC /* Products */ = {
			isa = PBXGroup;
			children = (
				CAC1D6682A379EEC005A45BC /* ToDoList.app */,
				CAC1D67E2A379EEE005A45BC /* ToDoListTests.xctest */,
				CA69B3052A6575D2000F5ECC /* ToDoListSwiftUI.app */,
			);
			name = Products;
			sourceTree = "<group>";
		};
		CAC1D66A2A379EEC005A45BC /* ToDoList */ = {
			isa = PBXGroup;
			children = (
				CAC1D66B2A379EEC005A45BC /* AppDelegate.swift */,
				CAC1D66D2A379EEC005A45BC /* SceneDelegate.swift */,
				CAC1D6792A379EEE005A45BC /* Info.plist */,
				CAD360502A61B06A00B8AD58 /* SQLite */,
				CAEE11A72A5EF31A006EB357 /* CoreData */,
				CA7352E12A56DA0000AAAD19 /* Networking */,
				CA16A1772A42E8B3001EABAF /* Controller */,
				CACB2C412A4D9B02009EE84B /* ViewModel */,
				CA16A1762A42E8A1001EABAF /* View */,
				CAC1D69B2A37A10B005A45BC /* Model */,
				CA24D1312A45C3AF002C565D /* Assets */,
				CAC1D6762A379EEE005A45BC /* LaunchScreen.storyboard */,
			);
			path = ToDoList;
			sourceTree = "<group>";
		};
		CAC1D6812A379EEE005A45BC /* ToDoListTests */ = {
			isa = PBXGroup;
			children = (
				CAD66F862A42299F00167F5A /* FileCacheTests.swift */,
				CAB0F59E2A5342DB009503D3 /* TodoItemTests.swift */,
			);
			path = ToDoListTests;
			sourceTree = "<group>";
		};
		CAC1D69B2A37A10B005A45BC /* Model */ = {
			isa = PBXGroup;
			children = (
				CAB0F59C2A5342D5009503D3 /* TodoItem.swift */,
				CAB5B2182A387F6200DC0A05 /* FileCache.swift */,
			);
			path = Model;
			sourceTree = "<group>";
		};
		CACB2C412A4D9B02009EE84B /* ViewModel */ = {
			isa = PBXGroup;
			children = (
				CACB2C422A4D9B21009EE84B /* RootViewModel.swift */,
				CACB2C442A4E2D9F009EE84B /* EditTodoItemViewModel.swift */,
			);
			path = ViewModel;
			sourceTree = "<group>";
		};
		CAD360502A61B06A00B8AD58 /* SQLite */ = {
			isa = PBXGroup;
			children = (
				CAD360512A61B09E00B8AD58 /* SQLiteManager.swift */,
			);
			path = SQLite;
			sourceTree = "<group>";
		};
		CAEE11A72A5EF31A006EB357 /* CoreData */ = {
			isa = PBXGroup;
			children = (
				CAEE11EE2A5F0398006EB357 /* TodoItemCD+CoreDataClass.swift */,
				CAEE11AB2A5EF526006EB357 /* ToDoListModel.xcdatamodeld */,
				CAD3604B2A60071E00B8AD58 /* CoreDataManager.swift */,
			);
			path = CoreData;
			sourceTree = "<group>";
		};
/* End PBXGroup section */

/* Begin PBXNativeTarget section */
		CA69B3042A6575D2000F5ECC /* ToDoListSwiftUI */ = {
			isa = PBXNativeTarget;
			buildConfigurationList = CA69B3312A6575D3000F5ECC /* Build configuration list for PBXNativeTarget "ToDoListSwiftUI" */;
			buildPhases = (
				CA69B3012A6575D2000F5ECC /* Sources */,
				CA69B3022A6575D2000F5ECC /* Frameworks */,
				CA69B3032A6575D2000F5ECC /* Resources */,
			);
			buildRules = (
			);
			dependencies = (
			);
			name = ToDoListSwiftUI;
			productName = ToDoListSwiftUI;
			productReference = CA69B3052A6575D2000F5ECC /* ToDoListSwiftUI.app */;
			productType = "com.apple.product-type.application";
		};
		CAC1D6672A379EEC005A45BC /* ToDoList */ = {
			isa = PBXNativeTarget;
			buildConfigurationList = CAC1D6922A379EEE005A45BC /* Build configuration list for PBXNativeTarget "ToDoList" */;
			buildPhases = (
				CAC1D6652A379EEC005A45BC /* Frameworks */,
				CAC1D6662A379EEC005A45BC /* Resources */,
				CAC1D6642A379EEC005A45BC /* Sources */,
			);
			buildRules = (
			);
			dependencies = (
			);
			name = ToDoList;
			packageProductDependencies = (
				CAD3604E2A61AE9400B8AD58 /* SQLite */,
			);
			productName = ToDoList;
			productReference = CAC1D6682A379EEC005A45BC /* ToDoList.app */;
			productType = "com.apple.product-type.application";
		};
		CAC1D67D2A379EEE005A45BC /* ToDoListTests */ = {
			isa = PBXNativeTarget;
			buildConfigurationList = CAC1D6952A379EEE005A45BC /* Build configuration list for PBXNativeTarget "ToDoListTests" */;
			buildPhases = (
				CAC1D67A2A379EEE005A45BC /* Sources */,
				CAC1D67B2A379EEE005A45BC /* Frameworks */,
				CAC1D67C2A379EEE005A45BC /* Resources */,
			);
			buildRules = (
			);
			dependencies = (
				CAC1D6802A379EEE005A45BC /* PBXTargetDependency */,
			);
			name = ToDoListTests;
			productName = ToDoListTests;
			productReference = CAC1D67E2A379EEE005A45BC /* ToDoListTests.xctest */;
			productType = "com.apple.product-type.bundle.unit-test";
		};
/* End PBXNativeTarget section */

/* Begin PBXProject section */
		CAC1D6602A379EEC005A45BC /* Project object */ = {
			isa = PBXProject;
			attributes = {
				BuildIndependentTargetsInParallel = 1;
				LastSwiftUpdateCheck = 1430;
				LastUpgradeCheck = 1430;
				TargetAttributes = {
					CA69B3042A6575D2000F5ECC = {
						CreatedOnToolsVersion = 14.3.1;
					};
					CAC1D6672A379EEC005A45BC = {
						CreatedOnToolsVersion = 14.3.1;
					};
					CAC1D67D2A379EEE005A45BC = {
						CreatedOnToolsVersion = 14.3.1;
						TestTargetID = CAC1D6672A379EEC005A45BC;
					};
				};
			};
			buildConfigurationList = CAC1D6632A379EEC005A45BC /* Build configuration list for PBXProject "ToDoList" */;
			compatibilityVersion = "Xcode 14.0";
			developmentRegion = en;
			hasScannedForEncodings = 0;
			knownRegions = (
				en,
				Base,
			);
			mainGroup = CAC1D65F2A379EEC005A45BC;
			packageReferences = (
				CAD3604D2A61AE9400B8AD58 /* XCRemoteSwiftPackageReference "SQLite" */,
			);
			productRefGroup = CAC1D6692A379EEC005A45BC /* Products */;
			projectDirPath = "";
			projectRoot = "";
			targets = (
				CAC1D6672A379EEC005A45BC /* ToDoList */,
				CAC1D67D2A379EEE005A45BC /* ToDoListTests */,
				CA69B3042A6575D2000F5ECC /* ToDoListSwiftUI */,
			);
		};
/* End PBXProject section */

/* Begin PBXResourcesBuildPhase section */
		CA69B3032A6575D2000F5ECC /* Resources */ = {
			isa = PBXResourcesBuildPhase;
			buildActionMask = 2147483647;
			files = (
				CA69B30F2A6575D3000F5ECC /* Preview Assets.xcassets in Resources */,
				CA69B30C2A6575D3000F5ECC /* Assets.xcassets in Resources */,
			);
			runOnlyForDeploymentPostprocessing = 0;
		};
		CAC1D6662A379EEC005A45BC /* Resources */ = {
			isa = PBXResourcesBuildPhase;
			buildActionMask = 2147483647;
			files = (
				CAC1D6782A379EEE005A45BC /* LaunchScreen.storyboard in Resources */,
				CAC1D6752A379EEE005A45BC /* Assets.xcassets in Resources */,
			);
			runOnlyForDeploymentPostprocessing = 0;
		};
		CAC1D67C2A379EEE005A45BC /* Resources */ = {
			isa = PBXResourcesBuildPhase;
			buildActionMask = 2147483647;
			files = (
			);
			runOnlyForDeploymentPostprocessing = 0;
		};
/* End PBXResourcesBuildPhase section */

/* Begin PBXSourcesBuildPhase section */
		CA69B3012A6575D2000F5ECC /* Sources */ = {
			isa = PBXSourcesBuildPhase;
			buildActionMask = 2147483647;
			files = (
				CA1A06982A69EE0900A72265 /* DeadLineDateView.swift in Sources */,
				CA1A06492A68712000A72265 /* ListView.swift in Sources */,
				CA1A06AB2A6B226600A72265 /* CoreDataManager.swift in Sources */,
				CA1A069C2A69F0ED00A72265 /* ImportanceSymbolView.swift in Sources */,
				CA1A06B12A6B444500A72265 /* HeaderView.swift in Sources */,
				CA1A06A32A6AAF3C00A72265 /* NetworkingService.swift in Sources */,
				CA69B3082A6575D2000F5ECC /* ToDoListSwiftUIApp.swift in Sources */,
				CA1A069A2A69F0A900A72265 /* TodoItem.swift in Sources */,
				CA1A06962A69E8AE00A72265 /* CheckBoxView.swift in Sources */,
				CA1A06942A69E6D400A72265 /* CellView.swift in Sources */,
				CA1A06542A69C4EC00A72265 /* ListViewModel.swift in Sources */,
				CA1A06A12A6AAF2000A72265 /* URLSession+Extension.swift in Sources */,
				CA1A06AE2A6B277D00A72265 /* TodoItemCD+CoreDataClass.swift in Sources */,
				CA1A064C2A687E5D00A72265 /* TodoItemView.swift in Sources */,
				CA1A06A92A6AC2B200A72265 /* AddNewCellView.swift in Sources */,
				CA1A06B52A6B626D00A72265 /* ToDoListSwiftUI.xcdatamodeld in Sources */,
				CA1A06A52A6AAF5300A72265 /* DefaultNetworkingService.swift in Sources */,
			);
			runOnlyForDeploymentPostprocessing = 0;
		};
		CAC1D6642A379EEC005A45BC /* Sources */ = {
			isa = PBXSourcesBuildPhase;
			buildActionMask = 2147483647;
			files = (
				CA4CB5942A44D9930093F371 /* CellView.swift in Sources */,
				CA4875602A433F8400A38E3C /* EditTodoItemViewController.swift in Sources */,
				CACB2C432A4D9B21009EE84B /* RootViewModel.swift in Sources */,
				CAD3604C2A60071E00B8AD58 /* CoreDataManager.swift in Sources */,
				CA24D1372A460B57002C565D /* SeparatorView.swift in Sources */,
				CA7352E32A571D1800AAAD19 /* URLSession+Extension.swift in Sources */,
				CA7352E72A572BF800AAAD19 /* DefaultNetworkingService.swift in Sources */,
				CAC1D6702A379EEC005A45BC /* RootViewController.swift in Sources */,
				CAC1D66C2A379EEC005A45BC /* AppDelegate.swift in Sources */,
				CA24D1392A4642C2002C565D /* Date+Extension.swift in Sources */,
				CA24D1352A45C47A002C565D /* UIFont+Extencion.swift in Sources */,
				CAB5B2192A387F6200DC0A05 /* FileCache.swift in Sources */,
				CAEE11AD2A5EF526006EB357 /* ToDoListModel.xcdatamodeld in Sources */,
				CACB2C452A4E2D9F009EE84B /* EditTodoItemViewModel.swift in Sources */,
				CA7352E52A572BE500AAAD19 /* NetworkingService.swift in Sources */,
				CAD360522A61B09E00B8AD58 /* SQLiteManager.swift in Sources */,
				CA683D6C2A4F809E003EA596 /* TableViewHeader.swift in Sources */,
				CAC1D66E2A379EEC005A45BC /* SceneDelegate.swift in Sources */,
				CAEE11F02A5F0398006EB357 /* TodoItemCD+CoreDataClass.swift in Sources */,
				CACB2C402A4D95F2009EE84B /* UIColor+Extencion.swift in Sources */,
				CAB0F59D2A5342D5009503D3 /* TodoItem.swift in Sources */,
				CA683D6A2A4F7F40003EA596 /* AddCellView.swift in Sources */,
			);
			runOnlyForDeploymentPostprocessing = 0;
		};
		CAC1D67A2A379EEE005A45BC /* Sources */ = {
			isa = PBXSourcesBuildPhase;
			buildActionMask = 2147483647;
			files = (
				CAB0F59F2A5342DB009503D3 /* TodoItemTests.swift in Sources */,
				CAD66F872A42299F00167F5A /* FileCacheTests.swift in Sources */,
			);
			runOnlyForDeploymentPostprocessing = 0;
		};
/* End PBXSourcesBuildPhase section */

/* Begin PBXTargetDependency section */
		CAC1D6802A379EEE005A45BC /* PBXTargetDependency */ = {
			isa = PBXTargetDependency;
			target = CAC1D6672A379EEC005A45BC /* ToDoList */;
			targetProxy = CAC1D67F2A379EEE005A45BC /* PBXContainerItemProxy */;
		};
/* End PBXTargetDependency section */

/* Begin PBXVariantGroup section */
		CAC1D6762A379EEE005A45BC /* LaunchScreen.storyboard */ = {
			isa = PBXVariantGroup;
			children = (
				CAC1D6772A379EEE005A45BC /* Base */,
			);
			name = LaunchScreen.storyboard;
			sourceTree = "<group>";
		};
/* End PBXVariantGroup section */

/* Begin XCBuildConfiguration section */
		CA69B32B2A6575D3000F5ECC /* Debug */ = {
			isa = XCBuildConfiguration;
			buildSettings = {
				ASSETCATALOG_COMPILER_APPICON_NAME = AppIcon;
				ASSETCATALOG_COMPILER_GLOBAL_ACCENT_COLOR_NAME = AccentColor;
				CODE_SIGN_STYLE = Automatic;
				CURRENT_PROJECT_VERSION = 1;
				DEVELOPMENT_ASSET_PATHS = "\"ToDoListSwiftUI/Preview Content\"";
				DEVELOPMENT_TEAM = K9J9XMX3UB;
				ENABLE_PREVIEWS = YES;
				GENERATE_INFOPLIST_FILE = YES;
				INFOPLIST_KEY_UIApplicationSceneManifest_Generation = YES;
				INFOPLIST_KEY_UIApplicationSupportsIndirectInputEvents = YES;
				INFOPLIST_KEY_UILaunchScreen_Generation = YES;
				INFOPLIST_KEY_UISupportedInterfaceOrientations_iPad = "UIInterfaceOrientationPortrait UIInterfaceOrientationPortraitUpsideDown UIInterfaceOrientationLandscapeLeft UIInterfaceOrientationLandscapeRight";
				INFOPLIST_KEY_UISupportedInterfaceOrientations_iPhone = "UIInterfaceOrientationPortrait UIInterfaceOrientationLandscapeLeft UIInterfaceOrientationLandscapeRight";
				LD_RUNPATH_SEARCH_PATHS = (
					"$(inherited)",
					"@executable_path/Frameworks",
				);
				MARKETING_VERSION = 1.0;
				PRODUCT_BUNDLE_IDENTIFIER = SeaPile.ToDoListSwiftUI;
				PRODUCT_NAME = "$(TARGET_NAME)";
				SWIFT_EMIT_LOC_STRINGS = YES;
				SWIFT_VERSION = 5.0;
				TARGETED_DEVICE_FAMILY = "1,2";
			};
			name = Debug;
		};
		CA69B32C2A6575D3000F5ECC /* Release */ = {
			isa = XCBuildConfiguration;
			buildSettings = {
				ASSETCATALOG_COMPILER_APPICON_NAME = AppIcon;
				ASSETCATALOG_COMPILER_GLOBAL_ACCENT_COLOR_NAME = AccentColor;
				CODE_SIGN_STYLE = Automatic;
				CURRENT_PROJECT_VERSION = 1;
				DEVELOPMENT_ASSET_PATHS = "\"ToDoListSwiftUI/Preview Content\"";
				DEVELOPMENT_TEAM = K9J9XMX3UB;
				ENABLE_PREVIEWS = YES;
				GENERATE_INFOPLIST_FILE = YES;
				INFOPLIST_KEY_UIApplicationSceneManifest_Generation = YES;
				INFOPLIST_KEY_UIApplicationSupportsIndirectInputEvents = YES;
				INFOPLIST_KEY_UILaunchScreen_Generation = YES;
				INFOPLIST_KEY_UISupportedInterfaceOrientations_iPad = "UIInterfaceOrientationPortrait UIInterfaceOrientationPortraitUpsideDown UIInterfaceOrientationLandscapeLeft UIInterfaceOrientationLandscapeRight";
				INFOPLIST_KEY_UISupportedInterfaceOrientations_iPhone = "UIInterfaceOrientationPortrait UIInterfaceOrientationLandscapeLeft UIInterfaceOrientationLandscapeRight";
				LD_RUNPATH_SEARCH_PATHS = (
					"$(inherited)",
					"@executable_path/Frameworks",
				);
				MARKETING_VERSION = 1.0;
				PRODUCT_BUNDLE_IDENTIFIER = SeaPile.ToDoListSwiftUI;
				PRODUCT_NAME = "$(TARGET_NAME)";
				SWIFT_EMIT_LOC_STRINGS = YES;
				SWIFT_VERSION = 5.0;
				TARGETED_DEVICE_FAMILY = "1,2";
			};
			name = Release;
		};
		CAC1D6902A379EEE005A45BC /* Debug */ = {
			isa = XCBuildConfiguration;
			buildSettings = {
				ALWAYS_SEARCH_USER_PATHS = NO;
				CLANG_ANALYZER_NONNULL = YES;
				CLANG_ANALYZER_NUMBER_OBJECT_CONVERSION = YES_AGGRESSIVE;
				CLANG_CXX_LANGUAGE_STANDARD = "gnu++20";
				CLANG_ENABLE_MODULES = YES;
				CLANG_ENABLE_OBJC_ARC = YES;
				CLANG_ENABLE_OBJC_WEAK = YES;
				CLANG_WARN_BLOCK_CAPTURE_AUTORELEASING = YES;
				CLANG_WARN_BOOL_CONVERSION = YES;
				CLANG_WARN_COMMA = YES;
				CLANG_WARN_CONSTANT_CONVERSION = YES;
				CLANG_WARN_DEPRECATED_OBJC_IMPLEMENTATIONS = YES;
				CLANG_WARN_DIRECT_OBJC_ISA_USAGE = YES_ERROR;
				CLANG_WARN_DOCUMENTATION_COMMENTS = YES;
				CLANG_WARN_EMPTY_BODY = YES;
				CLANG_WARN_ENUM_CONVERSION = YES;
				CLANG_WARN_INFINITE_RECURSION = YES;
				CLANG_WARN_INT_CONVERSION = YES;
				CLANG_WARN_NON_LITERAL_NULL_CONVERSION = YES;
				CLANG_WARN_OBJC_IMPLICIT_RETAIN_SELF = YES;
				CLANG_WARN_OBJC_LITERAL_CONVERSION = YES;
				CLANG_WARN_OBJC_ROOT_CLASS = YES_ERROR;
				CLANG_WARN_QUOTED_INCLUDE_IN_FRAMEWORK_HEADER = YES;
				CLANG_WARN_RANGE_LOOP_ANALYSIS = YES;
				CLANG_WARN_STRICT_PROTOTYPES = YES;
				CLANG_WARN_SUSPICIOUS_MOVE = YES;
				CLANG_WARN_UNGUARDED_AVAILABILITY = YES_AGGRESSIVE;
				CLANG_WARN_UNREACHABLE_CODE = YES;
				CLANG_WARN__DUPLICATE_METHOD_MATCH = YES;
				COPY_PHASE_STRIP = NO;
				DEBUG_INFORMATION_FORMAT = dwarf;
				ENABLE_STRICT_OBJC_MSGSEND = YES;
				ENABLE_TESTABILITY = YES;
				GCC_C_LANGUAGE_STANDARD = gnu11;
				GCC_DYNAMIC_NO_PIC = NO;
				GCC_NO_COMMON_BLOCKS = YES;
				GCC_OPTIMIZATION_LEVEL = 0;
				GCC_PREPROCESSOR_DEFINITIONS = (
					"DEBUG=1",
					"$(inherited)",
				);
				GCC_WARN_64_TO_32_BIT_CONVERSION = YES;
				GCC_WARN_ABOUT_RETURN_TYPE = YES_ERROR;
				GCC_WARN_UNDECLARED_SELECTOR = YES;
				GCC_WARN_UNINITIALIZED_AUTOS = YES_AGGRESSIVE;
				GCC_WARN_UNUSED_FUNCTION = YES;
				GCC_WARN_UNUSED_VARIABLE = YES;
				IPHONEOS_DEPLOYMENT_TARGET = 16.4;
				MTL_ENABLE_DEBUG_INFO = INCLUDE_SOURCE;
				MTL_FAST_MATH = YES;
				ONLY_ACTIVE_ARCH = YES;
				SDKROOT = iphoneos;
				SWIFT_ACTIVE_COMPILATION_CONDITIONS = DEBUG;
				SWIFT_OPTIMIZATION_LEVEL = "-Onone";
				SWIFT_STRICT_CONCURRENCY = complete;
			};
			name = Debug;
		};
		CAC1D6912A379EEE005A45BC /* Release */ = {
			isa = XCBuildConfiguration;
			buildSettings = {
				ALWAYS_SEARCH_USER_PATHS = NO;
				CLANG_ANALYZER_NONNULL = YES;
				CLANG_ANALYZER_NUMBER_OBJECT_CONVERSION = YES_AGGRESSIVE;
				CLANG_CXX_LANGUAGE_STANDARD = "gnu++20";
				CLANG_ENABLE_MODULES = YES;
				CLANG_ENABLE_OBJC_ARC = YES;
				CLANG_ENABLE_OBJC_WEAK = YES;
				CLANG_WARN_BLOCK_CAPTURE_AUTORELEASING = YES;
				CLANG_WARN_BOOL_CONVERSION = YES;
				CLANG_WARN_COMMA = YES;
				CLANG_WARN_CONSTANT_CONVERSION = YES;
				CLANG_WARN_DEPRECATED_OBJC_IMPLEMENTATIONS = YES;
				CLANG_WARN_DIRECT_OBJC_ISA_USAGE = YES_ERROR;
				CLANG_WARN_DOCUMENTATION_COMMENTS = YES;
				CLANG_WARN_EMPTY_BODY = YES;
				CLANG_WARN_ENUM_CONVERSION = YES;
				CLANG_WARN_INFINITE_RECURSION = YES;
				CLANG_WARN_INT_CONVERSION = YES;
				CLANG_WARN_NON_LITERAL_NULL_CONVERSION = YES;
				CLANG_WARN_OBJC_IMPLICIT_RETAIN_SELF = YES;
				CLANG_WARN_OBJC_LITERAL_CONVERSION = YES;
				CLANG_WARN_OBJC_ROOT_CLASS = YES_ERROR;
				CLANG_WARN_QUOTED_INCLUDE_IN_FRAMEWORK_HEADER = YES;
				CLANG_WARN_RANGE_LOOP_ANALYSIS = YES;
				CLANG_WARN_STRICT_PROTOTYPES = YES;
				CLANG_WARN_SUSPICIOUS_MOVE = YES;
				CLANG_WARN_UNGUARDED_AVAILABILITY = YES_AGGRESSIVE;
				CLANG_WARN_UNREACHABLE_CODE = YES;
				CLANG_WARN__DUPLICATE_METHOD_MATCH = YES;
				COPY_PHASE_STRIP = NO;
				DEBUG_INFORMATION_FORMAT = "dwarf-with-dsym";
				ENABLE_NS_ASSERTIONS = NO;
				ENABLE_STRICT_OBJC_MSGSEND = YES;
				GCC_C_LANGUAGE_STANDARD = gnu11;
				GCC_NO_COMMON_BLOCKS = YES;
				GCC_WARN_64_TO_32_BIT_CONVERSION = YES;
				GCC_WARN_ABOUT_RETURN_TYPE = YES_ERROR;
				GCC_WARN_UNDECLARED_SELECTOR = YES;
				GCC_WARN_UNINITIALIZED_AUTOS = YES_AGGRESSIVE;
				GCC_WARN_UNUSED_FUNCTION = YES;
				GCC_WARN_UNUSED_VARIABLE = YES;
				IPHONEOS_DEPLOYMENT_TARGET = 16.4;
				MTL_ENABLE_DEBUG_INFO = NO;
				MTL_FAST_MATH = YES;
				SDKROOT = iphoneos;
				SWIFT_COMPILATION_MODE = wholemodule;
				SWIFT_OPTIMIZATION_LEVEL = "-O";
				SWIFT_STRICT_CONCURRENCY = complete;
				VALIDATE_PRODUCT = YES;
			};
			name = Release;
		};
		CAC1D6932A379EEE005A45BC /* Debug */ = {
			isa = XCBuildConfiguration;
			buildSettings = {
				ASSETCATALOG_COMPILER_APPICON_NAME = AppIcon;
				ASSETCATALOG_COMPILER_GLOBAL_ACCENT_COLOR_NAME = AccentColor;
				CODE_SIGN_STYLE = Automatic;
				CURRENT_PROJECT_VERSION = 1;
				DEVELOPMENT_TEAM = K9J9XMX3UB;
				GENERATE_INFOPLIST_FILE = YES;
				INFOPLIST_FILE = ToDoList/Info.plist;
				INFOPLIST_KEY_UIApplicationSupportsIndirectInputEvents = YES;
				INFOPLIST_KEY_UILaunchStoryboardName = LaunchScreen;
				INFOPLIST_KEY_UISupportedInterfaceOrientations_iPad = "UIInterfaceOrientationPortrait UIInterfaceOrientationPortraitUpsideDown UIInterfaceOrientationLandscapeLeft UIInterfaceOrientationLandscapeRight";
				INFOPLIST_KEY_UISupportedInterfaceOrientations_iPhone = "UIInterfaceOrientationPortrait UIInterfaceOrientationLandscapeLeft UIInterfaceOrientationLandscapeRight";
				LD_RUNPATH_SEARCH_PATHS = (
					"$(inherited)",
					"@executable_path/Frameworks",
				);
				MARKETING_VERSION = 1.0;
				PRODUCT_BUNDLE_IDENTIFIER = SeaPile.ToDoList;
				PRODUCT_NAME = "$(TARGET_NAME)";
				SWIFT_EMIT_LOC_STRINGS = YES;
				SWIFT_VERSION = 5.0;
				TARGETED_DEVICE_FAMILY = "1,2";
			};
			name = Debug;
		};
		CAC1D6942A379EEE005A45BC /* Release */ = {
			isa = XCBuildConfiguration;
			buildSettings = {
				ASSETCATALOG_COMPILER_APPICON_NAME = AppIcon;
				ASSETCATALOG_COMPILER_GLOBAL_ACCENT_COLOR_NAME = AccentColor;
				CODE_SIGN_STYLE = Automatic;
				CURRENT_PROJECT_VERSION = 1;
				DEVELOPMENT_TEAM = K9J9XMX3UB;
				GENERATE_INFOPLIST_FILE = YES;
				INFOPLIST_FILE = ToDoList/Info.plist;
				INFOPLIST_KEY_UIApplicationSupportsIndirectInputEvents = YES;
				INFOPLIST_KEY_UILaunchStoryboardName = LaunchScreen;
				INFOPLIST_KEY_UISupportedInterfaceOrientations_iPad = "UIInterfaceOrientationPortrait UIInterfaceOrientationPortraitUpsideDown UIInterfaceOrientationLandscapeLeft UIInterfaceOrientationLandscapeRight";
				INFOPLIST_KEY_UISupportedInterfaceOrientations_iPhone = "UIInterfaceOrientationPortrait UIInterfaceOrientationLandscapeLeft UIInterfaceOrientationLandscapeRight";
				LD_RUNPATH_SEARCH_PATHS = (
					"$(inherited)",
					"@executable_path/Frameworks",
				);
				MARKETING_VERSION = 1.0;
				PRODUCT_BUNDLE_IDENTIFIER = SeaPile.ToDoList;
				PRODUCT_NAME = "$(TARGET_NAME)";
				SWIFT_EMIT_LOC_STRINGS = YES;
				SWIFT_VERSION = 5.0;
				TARGETED_DEVICE_FAMILY = "1,2";
			};
			name = Release;
		};
		CAC1D6962A379EEE005A45BC /* Debug */ = {
			isa = XCBuildConfiguration;
			buildSettings = {
				ALWAYS_EMBED_SWIFT_STANDARD_LIBRARIES = YES;
				BUNDLE_LOADER = "$(TEST_HOST)";
				CODE_SIGN_STYLE = Automatic;
				CURRENT_PROJECT_VERSION = 1;
				DEVELOPMENT_TEAM = K9J9XMX3UB;
				GENERATE_INFOPLIST_FILE = YES;
				IPHONEOS_DEPLOYMENT_TARGET = 16.4;
				MARKETING_VERSION = 1.0;
				PRODUCT_BUNDLE_IDENTIFIER = SeaPile.ToDoListTests;
				PRODUCT_NAME = "$(TARGET_NAME)";
				SWIFT_EMIT_LOC_STRINGS = NO;
				SWIFT_VERSION = 5.0;
				TARGETED_DEVICE_FAMILY = "1,2";
				TEST_HOST = "$(BUILT_PRODUCTS_DIR)/ToDoList.app/$(BUNDLE_EXECUTABLE_FOLDER_PATH)/ToDoList";
			};
			name = Debug;
		};
		CAC1D6972A379EEE005A45BC /* Release */ = {
			isa = XCBuildConfiguration;
			buildSettings = {
				ALWAYS_EMBED_SWIFT_STANDARD_LIBRARIES = YES;
				BUNDLE_LOADER = "$(TEST_HOST)";
				CODE_SIGN_STYLE = Automatic;
				CURRENT_PROJECT_VERSION = 1;
				DEVELOPMENT_TEAM = K9J9XMX3UB;
				GENERATE_INFOPLIST_FILE = YES;
				IPHONEOS_DEPLOYMENT_TARGET = 16.4;
				MARKETING_VERSION = 1.0;
				PRODUCT_BUNDLE_IDENTIFIER = SeaPile.ToDoListTests;
				PRODUCT_NAME = "$(TARGET_NAME)";
				SWIFT_EMIT_LOC_STRINGS = NO;
				SWIFT_VERSION = 5.0;
				TARGETED_DEVICE_FAMILY = "1,2";
				TEST_HOST = "$(BUILT_PRODUCTS_DIR)/ToDoList.app/$(BUNDLE_EXECUTABLE_FOLDER_PATH)/ToDoList";
			};
			name = Release;
		};
/* End XCBuildConfiguration section */

/* Begin XCConfigurationList section */
		CA69B3312A6575D3000F5ECC /* Build configuration list for PBXNativeTarget "ToDoListSwiftUI" */ = {
			isa = XCConfigurationList;
			buildConfigurations = (
				CA69B32B2A6575D3000F5ECC /* Debug */,
				CA69B32C2A6575D3000F5ECC /* Release */,
			);
			defaultConfigurationIsVisible = 0;
			defaultConfigurationName = Release;
		};
		CAC1D6632A379EEC005A45BC /* Build configuration list for PBXProject "ToDoList" */ = {
			isa = XCConfigurationList;
			buildConfigurations = (
				CAC1D6902A379EEE005A45BC /* Debug */,
				CAC1D6912A379EEE005A45BC /* Release */,
			);
			defaultConfigurationIsVisible = 0;
			defaultConfigurationName = Release;
		};
		CAC1D6922A379EEE005A45BC /* Build configuration list for PBXNativeTarget "ToDoList" */ = {
			isa = XCConfigurationList;
			buildConfigurations = (
				CAC1D6932A379EEE005A45BC /* Debug */,
				CAC1D6942A379EEE005A45BC /* Release */,
			);
			defaultConfigurationIsVisible = 0;
			defaultConfigurationName = Release;
		};
		CAC1D6952A379EEE005A45BC /* Build configuration list for PBXNativeTarget "ToDoListTests" */ = {
			isa = XCConfigurationList;
			buildConfigurations = (
				CAC1D6962A379EEE005A45BC /* Debug */,
				CAC1D6972A379EEE005A45BC /* Release */,
			);
			defaultConfigurationIsVisible = 0;
			defaultConfigurationName = Release;
		};
/* End XCConfigurationList section */

/* Begin XCRemoteSwiftPackageReference section */
		CAD3604D2A61AE9400B8AD58 /* XCRemoteSwiftPackageReference "SQLite" */ = {
			isa = XCRemoteSwiftPackageReference;
			repositoryURL = "https://github.com/stephencelis/SQLite.swift/";
			requirement = {
				kind = upToNextMinorVersion;
				minimumVersion = 0.14.1;
			};
		};
/* End XCRemoteSwiftPackageReference section */

/* Begin XCSwiftPackageProductDependency section */
		CAD3604E2A61AE9400B8AD58 /* SQLite */ = {
			isa = XCSwiftPackageProductDependency;
			package = CAD3604D2A61AE9400B8AD58 /* XCRemoteSwiftPackageReference "SQLite" */;
			productName = SQLite;
		};
/* End XCSwiftPackageProductDependency section */

/* Begin XCVersionGroup section */
		CA1A06B22A6B626D00A72265 /* ToDoListSwiftUI.xcdatamodeld */ = {
			isa = XCVersionGroup;
			children = (
				CA1A06B32A6B626D00A72265 /* fff.xcdatamodel */,
				CA1A06B42A6B626D00A72265 /* ToDoListSwiftUI.xcdatamodel */,
			);
			currentVersion = CA1A06B32A6B626D00A72265 /* fff.xcdatamodel */;
			path = ToDoListSwiftUI.xcdatamodeld;
			sourceTree = "<group>";
			versionGroupType = wrapper.xcdatamodel;
		};
		CAEE11AB2A5EF526006EB357 /* ToDoListModel.xcdatamodeld */ = {
			isa = XCVersionGroup;
			children = (
				CAEE11AC2A5EF526006EB357 /* TodoListModel.xcdatamodel */,
			);
			currentVersion = CAEE11AC2A5EF526006EB357 /* TodoListModel.xcdatamodel */;
			path = ToDoListModel.xcdatamodeld;
			sourceTree = "<group>";
			versionGroupType = wrapper.xcdatamodel;
		};
/* End XCVersionGroup section */
	};
	rootObject = CAC1D6602A379EEC005A45BC /* Project object */;
}
