// !$*UTF8*$!
{
	archiveVersion = 1;
	classes = {
	};
	objectVersion = 56;
	objects = {

/* Begin PBXBuildFile section */
		CAB5B2192A387F6200DC0A05 /* FileCache.swift in Sources */ = {isa = PBXBuildFile; fileRef = CAB5B2182A387F6200DC0A05 /* FileCache.swift */; };
		CAC1D66C2A379EEC005A45BC /* AppDelegate.swift in Sources */ = {isa = PBXBuildFile; fileRef = CAC1D66B2A379EEC005A45BC /* AppDelegate.swift */; };
		CAC1D66E2A379EEC005A45BC /* SceneDelegate.swift in Sources */ = {isa = PBXBuildFile; fileRef = CAC1D66D2A379EEC005A45BC /* SceneDelegate.swift */; };
		CAC1D6702A379EEC005A45BC /* ViewController.swift in Sources */ = {isa = PBXBuildFile; fileRef = CAC1D66F2A379EEC005A45BC /* ViewController.swift */; };
		CAC1D6732A379EEC005A45BC /* Main.storyboard in Resources */ = {isa = PBXBuildFile; fileRef = CAC1D6712A379EEC005A45BC /* Main.storyboard */; };
		CAC1D6752A379EEE005A45BC /* Assets.xcassets in Resources */ = {isa = PBXBuildFile; fileRef = CAC1D6742A379EEE005A45BC /* Assets.xcassets */; };
		CAC1D6782A379EEE005A45BC /* LaunchScreen.storyboard in Resources */ = {isa = PBXBuildFile; fileRef = CAC1D6762A379EEE005A45BC /* LaunchScreen.storyboard */; };
		CAC1D6832A379EEE005A45BC /* ToDoListTests.swift in Sources */ = {isa = PBXBuildFile; fileRef = CAC1D6822A379EEE005A45BC /* ToDoListTests.swift */; };
		CAC1D69D2A37A13F005A45BC /* TodoItem.swift in Sources */ = {isa = PBXBuildFile; fileRef = CAC1D69C2A37A13F005A45BC /* TodoItem.swift */; };
		CAD66F872A42299F00167F5A /* FileCacheTests.swift in Sources */ = {isa = PBXBuildFile; fileRef = CAD66F862A42299F00167F5A /* FileCacheTests.swift */; };
/* End PBXBuildFile section */

/* Begin PBXContainerItemProxy section */
		CAC1D67F2A379EEE005A45BC /* PBXContainerItemProxy */ = {
			isa = PBXContainerItemProxy;
			containerPortal = CAC1D6602A379EEC005A45BC /* Project object */;
			proxyType = 1;
			remoteGlobalIDString = CAC1D6672A379EEC005A45BC;
			remoteInfo = ToDoList;
		};
/* End PBXContainerItemProxy section */

/* Begin PBXFileReference section */
		CAB5B2182A387F6200DC0A05 /* FileCache.swift */ = {isa = PBXFileReference; lastKnownFileType = sourcecode.swift; path = FileCache.swift; sourceTree = "<group>"; };
		CAC1D6682A379EEC005A45BC /* ToDoList.app */ = {isa = PBXFileReference; explicitFileType = wrapper.application; includeInIndex = 0; path = ToDoList.app; sourceTree = BUILT_PRODUCTS_DIR; };
		CAC1D66B2A379EEC005A45BC /* AppDelegate.swift */ = {isa = PBXFileReference; lastKnownFileType = sourcecode.swift; path = AppDelegate.swift; sourceTree = "<group>"; };
		CAC1D66D2A379EEC005A45BC /* SceneDelegate.swift */ = {isa = PBXFileReference; lastKnownFileType = sourcecode.swift; path = SceneDelegate.swift; sourceTree = "<group>"; };
		CAC1D66F2A379EEC005A45BC /* ViewController.swift */ = {isa = PBXFileReference; lastKnownFileType = sourcecode.swift; path = ViewController.swift; sourceTree = "<group>"; };
		CAC1D6722A379EEC005A45BC /* Base */ = {isa = PBXFileReference; lastKnownFileType = file.storyboard; name = Base; path = Base.lproj/Main.storyboard; sourceTree = "<group>"; };
		CAC1D6742A379EEE005A45BC /* Assets.xcassets */ = {isa = PBXFileReference; lastKnownFileType = folder.assetcatalog; path = Assets.xcassets; sourceTree = "<group>"; };
		CAC1D6772A379EEE005A45BC /* Base */ = {isa = PBXFileReference; lastKnownFileType = file.storyboard; name = Base; path = Base.lproj/LaunchScreen.storyboard; sourceTree = "<group>"; };
		CAC1D6792A379EEE005A45BC /* Info.plist */ = {isa = PBXFileReference; lastKnownFileType = text.plist.xml; path = Info.plist; sourceTree = "<group>"; };
		CAC1D67E2A379EEE005A45BC /* ToDoListTests.xctest */ = {isa = PBXFileReference; explicitFileType = wrapper.cfbundle; includeInIndex = 0; path = ToDoListTests.xctest; sourceTree = BUILT_PRODUCTS_DIR; };
		CAC1D6822A379EEE005A45BC /* ToDoListTests.swift */ = {isa = PBXFileReference; lastKnownFileType = sourcecode.swift; path = ToDoListTests.swift; sourceTree = "<group>"; };
		CAC1D69C2A37A13F005A45BC /* TodoItem.swift */ = {isa = PBXFileReference; lastKnownFileType = sourcecode.swift; path = TodoItem.swift; sourceTree = "<group>"; };
		CAD66F862A42299F00167F5A /* FileCacheTests.swift */ = {isa = PBXFileReference; lastKnownFileType = sourcecode.swift; path = FileCacheTests.swift; sourceTree = "<group>"; };
/* End PBXFileReference section */

/* Begin PBXFrameworksBuildPhase section */
		CAC1D6652A379EEC005A45BC /* Frameworks */ = {
			isa = PBXFrameworksBuildPhase;
			buildActionMask = 2147483647;
			files = (
			);
			runOnlyForDeploymentPostprocessing = 0;
		};
		CAC1D67B2A379EEE005A45BC /* Frameworks */ = {
			isa = PBXFrameworksBuildPhase;
			buildActionMask = 2147483647;
			files = (
			);
			runOnlyForDeploymentPostprocessing = 0;
		};
/* End PBXFrameworksBuildPhase section */

/* Begin PBXGroup section */
		CAC1D65F2A379EEC005A45BC = {
			isa = PBXGroup;
			children = (
				CAC1D66A2A379EEC005A45BC /* ToDoList */,
				CAC1D6812A379EEE005A45BC /* ToDoListTests */,
				CAC1D6692A379EEC005A45BC /* Products */,
			);
			sourceTree = "<group>";
		};
		CAC1D6692A379EEC005A45BC /* Products */ = {
			isa = PBXGroup;
			children = (
				CAC1D6682A379EEC005A45BC /* ToDoList.app */,
				CAC1D67E2A379EEE005A45BC /* ToDoListTests.xctest */,
			);
			name = Products;
			sourceTree = "<group>";
		};
		CAC1D66A2A379EEC005A45BC /* ToDoList */ = {
			isa = PBXGroup;
			children = (
				CAC1D69B2A37A10B005A45BC /* Model */,
				CAC1D66B2A379EEC005A45BC /* AppDelegate.swift */,
				CAC1D66D2A379EEC005A45BC /* SceneDelegate.swift */,
				CAC1D66F2A379EEC005A45BC /* ViewController.swift */,
				CAC1D6712A379EEC005A45BC /* Main.storyboard */,
				CAC1D6742A379EEE005A45BC /* Assets.xcassets */,
				CAC1D6762A379EEE005A45BC /* LaunchScreen.storyboard */,
				CAC1D6792A379EEE005A45BC /* Info.plist */,
			);
			path = ToDoList;
			sourceTree = "<group>";
		};
		CAC1D6812A379EEE005A45BC /* ToDoListTests */ = {
			isa = PBXGroup;
			children = (
				CAD66F862A42299F00167F5A /* FileCacheTests.swift */,
				CAC1D6822A379EEE005A45BC /* ToDoListTests.swift */,
			);
			path = ToDoListTests;
			sourceTree = "<group>";
		};
		CAC1D69B2A37A10B005A45BC /* Model */ = {
			isa = PBXGroup;
			children = (
				CAC1D69C2A37A13F005A45BC /* TodoItem.swift */,
				CAB5B2182A387F6200DC0A05 /* FileCache.swift */,
			);
			path = Model;
			sourceTree = "<group>";
		};
/* End PBXGroup section */

/* Begin PBXNativeTarget section */
		CAC1D6672A379EEC005A45BC /* ToDoList */ = {
			isa = PBXNativeTarget;
			buildConfigurationList = CAC1D6922A379EEE005A45BC /* Build configuration list for PBXNativeTarget "ToDoList" */;
			buildPhases = (
				CAC1D6642A379EEC005A45BC /* Sources */,
				CAC1D6652A379EEC005A45BC /* Frameworks */,
				CAC1D6662A379EEC005A45BC /* Resources */,
			);
			buildRules = (
			);
			dependencies = (
			);
			name = ToDoList;
			productName = ToDoList;
			productReference = CAC1D6682A379EEC005A45BC /* ToDoList.app */;
			productType = "com.apple.product-type.application";
		};
		CAC1D67D2A379EEE005A45BC /* ToDoListTests */ = {
			isa = PBXNativeTarget;
			buildConfigurationList = CAC1D6952A379EEE005A45BC /* Build configuration list for PBXNativeTarget "ToDoListTests" */;
			buildPhases = (
				CAC1D67A2A379EEE005A45BC /* Sources */,
				CAC1D67B2A379EEE005A45BC /* Frameworks */,
				CAC1D67C2A379EEE005A45BC /* Resources */,
			);
			buildRules = (
			);
			dependencies = (
				CAC1D6802A379EEE005A45BC /* PBXTargetDependency */,
			);
			name = ToDoListTests;
			productName = ToDoListTests;
			productReference = CAC1D67E2A379EEE005A45BC /* ToDoListTests.xctest */;
			productType = "com.apple.product-type.bundle.unit-test";
		};
/* End PBXNativeTarget section */

/* Begin PBXProject section */
		CAC1D6602A379EEC005A45BC /* Project object */ = {
			isa = PBXProject;
			attributes = {
				BuildIndependentTargetsInParallel = 1;
				LastSwiftUpdateCheck = 1430;
				LastUpgradeCheck = 1430;
				TargetAttributes = {
					CAC1D6672A379EEC005A45BC = {
						CreatedOnToolsVersion = 14.3.1;
					};
					CAC1D67D2A379EEE005A45BC = {
						CreatedOnToolsVersion = 14.3.1;
						TestTargetID = CAC1D6672A379EEC005A45BC;
					};
				};
			};
			buildConfigurationList = CAC1D6632A379EEC005A45BC /* Build configuration list for PBXProject "ToDoList" */;
			compatibilityVersion = "Xcode 14.0";
			developmentRegion = en;
			hasScannedForEncodings = 0;
			knownRegions = (
				en,
				Base,
			);
			mainGroup = CAC1D65F2A379EEC005A45BC;
			productRefGroup = CAC1D6692A379EEC005A45BC /* Products */;
			projectDirPath = "";
			projectRoot = "";
			targets = (
				CAC1D6672A379EEC005A45BC /* ToDoList */,
				CAC1D67D2A379EEE005A45BC /* ToDoListTests */,
			);
		};
/* End PBXProject section */

/* Begin PBXResourcesBuildPhase section */
		CAC1D6662A379EEC005A45BC /* Resources */ = {
			isa = PBXResourcesBuildPhase;
			buildActionMask = 2147483647;
			files = (
				CAC1D6782A379EEE005A45BC /* LaunchScreen.storyboard in Resources */,
				CAC1D6752A379EEE005A45BC /* Assets.xcassets in Resources */,
				CAC1D6732A379EEC005A45BC /* Main.storyboard in Resources */,
			);
			runOnlyForDeploymentPostprocessing = 0;
		};
		CAC1D67C2A379EEE005A45BC /* Resources */ = {
			isa = PBXResourcesBuildPhase;
			buildActionMask = 2147483647;
			files = (
			);
			runOnlyForDeploymentPostprocessing = 0;
		};
/* End PBXResourcesBuildPhase section */

/* Begin PBXSourcesBuildPhase section */
		CAC1D6642A379EEC005A45BC /* Sources */ = {
			isa = PBXSourcesBuildPhase;
			buildActionMask = 2147483647;
			files = (
				CAC1D6702A379EEC005A45BC /* ViewController.swift in Sources */,
				CAC1D66C2A379EEC005A45BC /* AppDelegate.swift in Sources */,
				CAC1D69D2A37A13F005A45BC /* TodoItem.swift in Sources */,
				CAB5B2192A387F6200DC0A05 /* FileCache.swift in Sources */,
				CAC1D66E2A379EEC005A45BC /* SceneDelegate.swift in Sources */,
			);
			runOnlyForDeploymentPostprocessing = 0;
		};
		CAC1D67A2A379EEE005A45BC /* Sources */ = {
			isa = PBXSourcesBuildPhase;
			buildActionMask = 2147483647;
			files = (
				CAD66F872A42299F00167F5A /* FileCacheTests.swift in Sources */,
				CAC1D6832A379EEE005A45BC /* ToDoListTests.swift in Sources */,
			);
			runOnlyForDeploymentPostprocessing = 0;
		};
/* End PBXSourcesBuildPhase section */

/* Begin PBXTargetDependency section */
		CAC1D6802A379EEE005A45BC /* PBXTargetDependency */ = {
			isa = PBXTargetDependency;
			target = CAC1D6672A379EEC005A45BC /* ToDoList */;
			targetProxy = CAC1D67F2A379EEE005A45BC /* PBXContainerItemProxy */;
		};
/* End PBXTargetDependency section */

/* Begin PBXVariantGroup section */
		CAC1D6712A379EEC005A45BC /* Main.storyboard */ = {
			isa = PBXVariantGroup;
			children = (
				CAC1D6722A379EEC005A45BC /* Base */,
			);
			name = Main.storyboard;
			sourceTree = "<group>";
		};
		CAC1D6762A379EEE005A45BC /* LaunchScreen.storyboard */ = {
			isa = PBXVariantGroup;
			children = (
				CAC1D6772A379EEE005A45BC /* Base */,
			);
			name = LaunchScreen.storyboard;
			sourceTree = "<group>";
		};
/* End PBXVariantGroup section */

/* Begin XCBuildConfiguration section */
		CAC1D6902A379EEE005A45BC /* Debug */ = {
			isa = XCBuildConfiguration;
			buildSettings = {
				ALWAYS_SEARCH_USER_PATHS = NO;
				CLANG_ANALYZER_NONNULL = YES;
				CLANG_ANALYZER_NUMBER_OBJECT_CONVERSION = YES_AGGRESSIVE;
				CLANG_CXX_LANGUAGE_STANDARD = "gnu++20";
				CLANG_ENABLE_MODULES = YES;
				CLANG_ENABLE_OBJC_ARC = YES;
				CLANG_ENABLE_OBJC_WEAK = YES;
				CLANG_WARN_BLOCK_CAPTURE_AUTORELEASING = YES;
				CLANG_WARN_BOOL_CONVERSION = YES;
				CLANG_WARN_COMMA = YES;
				CLANG_WARN_CONSTANT_CONVERSION = YES;
				CLANG_WARN_DEPRECATED_OBJC_IMPLEMENTATIONS = YES;
				CLANG_WARN_DIRECT_OBJC_ISA_USAGE = YES_ERROR;
				CLANG_WARN_DOCUMENTATION_COMMENTS = YES;
				CLANG_WARN_EMPTY_BODY = YES;
				CLANG_WARN_ENUM_CONVERSION = YES;
				CLANG_WARN_INFINITE_RECURSION = YES;
				CLANG_WARN_INT_CONVERSION = YES;
				CLANG_WARN_NON_LITERAL_NULL_CONVERSION = YES;
				CLANG_WARN_OBJC_IMPLICIT_RETAIN_SELF = YES;
				CLANG_WARN_OBJC_LITERAL_CONVERSION = YES;
				CLANG_WARN_OBJC_ROOT_CLASS = YES_ERROR;
				CLANG_WARN_QUOTED_INCLUDE_IN_FRAMEWORK_HEADER = YES;
				CLANG_WARN_RANGE_LOOP_ANALYSIS = YES;
				CLANG_WARN_STRICT_PROTOTYPES = YES;
				CLANG_WARN_SUSPICIOUS_MOVE = YES;
				CLANG_WARN_UNGUARDED_AVAILABILITY = YES_AGGRESSIVE;
				CLANG_WARN_UNREACHABLE_CODE = YES;
				CLANG_WARN__DUPLICATE_METHOD_MATCH = YES;
				COPY_PHASE_STRIP = NO;
				DEBUG_INFORMATION_FORMAT = dwarf;
				ENABLE_STRICT_OBJC_MSGSEND = YES;
				ENABLE_TESTABILITY = YES;
				GCC_C_LANGUAGE_STANDARD = gnu11;
				GCC_DYNAMIC_NO_PIC = NO;
				GCC_NO_COMMON_BLOCKS = YES;
				GCC_OPTIMIZATION_LEVEL = 0;
				GCC_PREPROCESSOR_DEFINITIONS = (
					"DEBUG=1",
					"$(inherited)",
				);
				GCC_WARN_64_TO_32_BIT_CONVERSION = YES;
				GCC_WARN_ABOUT_RETURN_TYPE = YES_ERROR;
				GCC_WARN_UNDECLARED_SELECTOR = YES;
				GCC_WARN_UNINITIALIZED_AUTOS = YES_AGGRESSIVE;
				GCC_WARN_UNUSED_FUNCTION = YES;
				GCC_WARN_UNUSED_VARIABLE = YES;
				IPHONEOS_DEPLOYMENT_TARGET = 16.4;
				MTL_ENABLE_DEBUG_INFO = INCLUDE_SOURCE;
				MTL_FAST_MATH = YES;
				ONLY_ACTIVE_ARCH = YES;
				SDKROOT = iphoneos;
				SWIFT_ACTIVE_COMPILATION_CONDITIONS = DEBUG;
				SWIFT_OPTIMIZATION_LEVEL = "-Onone";
			};
			name = Debug;
		};
		CAC1D6912A379EEE005A45BC /* Release */ = {
			isa = XCBuildConfiguration;
			buildSettings = {
				ALWAYS_SEARCH_USER_PATHS = NO;
				CLANG_ANALYZER_NONNULL = YES;
				CLANG_ANALYZER_NUMBER_OBJECT_CONVERSION = YES_AGGRESSIVE;
				CLANG_CXX_LANGUAGE_STANDARD = "gnu++20";
				CLANG_ENABLE_MODULES = YES;
				CLANG_ENABLE_OBJC_ARC = YES;
				CLANG_ENABLE_OBJC_WEAK = YES;
				CLANG_WARN_BLOCK_CAPTURE_AUTORELEASING = YES;
				CLANG_WARN_BOOL_CONVERSION = YES;
				CLANG_WARN_COMMA = YES;
				CLANG_WARN_CONSTANT_CONVERSION = YES;
				CLANG_WARN_DEPRECATED_OBJC_IMPLEMENTATIONS = YES;
				CLANG_WARN_DIRECT_OBJC_ISA_USAGE = YES_ERROR;
				CLANG_WARN_DOCUMENTATION_COMMENTS = YES;
				CLANG_WARN_EMPTY_BODY = YES;
				CLANG_WARN_ENUM_CONVERSION = YES;
				CLANG_WARN_INFINITE_RECURSION = YES;
				CLANG_WARN_INT_CONVERSION = YES;
				CLANG_WARN_NON_LITERAL_NULL_CONVERSION = YES;
				CLANG_WARN_OBJC_IMPLICIT_RETAIN_SELF = YES;
				CLANG_WARN_OBJC_LITERAL_CONVERSION = YES;
				CLANG_WARN_OBJC_ROOT_CLASS = YES_ERROR;
				CLANG_WARN_QUOTED_INCLUDE_IN_FRAMEWORK_HEADER = YES;
				CLANG_WARN_RANGE_LOOP_ANALYSIS = YES;
				CLANG_WARN_STRICT_PROTOTYPES = YES;
				CLANG_WARN_SUSPICIOUS_MOVE = YES;
				CLANG_WARN_UNGUARDED_AVAILABILITY = YES_AGGRESSIVE;
				CLANG_WARN_UNREACHABLE_CODE = YES;
				CLANG_WARN__DUPLICATE_METHOD_MATCH = YES;
				COPY_PHASE_STRIP = NO;
				DEBUG_INFORMATION_FORMAT = "dwarf-with-dsym";
				ENABLE_NS_ASSERTIONS = NO;
				ENABLE_STRICT_OBJC_MSGSEND = YES;
				GCC_C_LANGUAGE_STANDARD = gnu11;
				GCC_NO_COMMON_BLOCKS = YES;
				GCC_WARN_64_TO_32_BIT_CONVERSION = YES;
				GCC_WARN_ABOUT_RETURN_TYPE = YES_ERROR;
				GCC_WARN_UNDECLARED_SELECTOR = YES;
				GCC_WARN_UNINITIALIZED_AUTOS = YES_AGGRESSIVE;
				GCC_WARN_UNUSED_FUNCTION = YES;
				GCC_WARN_UNUSED_VARIABLE = YES;
				IPHONEOS_DEPLOYMENT_TARGET = 16.4;
				MTL_ENABLE_DEBUG_INFO = NO;
				MTL_FAST_MATH = YES;
				SDKROOT = iphoneos;
				SWIFT_COMPILATION_MODE = wholemodule;
				SWIFT_OPTIMIZATION_LEVEL = "-O";
				VALIDATE_PRODUCT = YES;
			};
			name = Release;
		};
		CAC1D6932A379EEE005A45BC /* Debug */ = {
			isa = XCBuildConfiguration;
			buildSettings = {
				ASSETCATALOG_COMPILER_APPICON_NAME = AppIcon;
				ASSETCATALOG_COMPILER_GLOBAL_ACCENT_COLOR_NAME = AccentColor;
				CODE_SIGN_STYLE = Automatic;
				CURRENT_PROJECT_VERSION = 1;
				GENERATE_INFOPLIST_FILE = YES;
				INFOPLIST_FILE = ToDoList/Info.plist;
				INFOPLIST_KEY_UIApplicationSupportsIndirectInputEvents = YES;
				INFOPLIST_KEY_UILaunchStoryboardName = LaunchScreen;
				INFOPLIST_KEY_UIMainStoryboardFile = Main;
				INFOPLIST_KEY_UISupportedInterfaceOrientations_iPad = "UIInterfaceOrientationPortrait UIInterfaceOrientationPortraitUpsideDown UIInterfaceOrientationLandscapeLeft UIInterfaceOrientationLandscapeRight";
				INFOPLIST_KEY_UISupportedInterfaceOrientations_iPhone = "UIInterfaceOrientationPortrait UIInterfaceOrientationLandscapeLeft UIInterfaceOrientationLandscapeRight";
				LD_RUNPATH_SEARCH_PATHS = (
					"$(inherited)",
					"@executable_path/Frameworks",
				);
				MARKETING_VERSION = 1.0;
				PRODUCT_BUNDLE_IDENTIFIER = SeaPile.ToDoList;
				PRODUCT_NAME = "$(TARGET_NAME)";
				SWIFT_EMIT_LOC_STRINGS = YES;
				SWIFT_VERSION = 5.0;
				TARGETED_DEVICE_FAMILY = "1,2";
			};
			name = Debug;
		};
		CAC1D6942A379EEE005A45BC /* Release */ = {
			isa = XCBuildConfiguration;
			buildSettings = {
				ASSETCATALOG_COMPILER_APPICON_NAME = AppIcon;
				ASSETCATALOG_COMPILER_GLOBAL_ACCENT_COLOR_NAME = AccentColor;
				CODE_SIGN_STYLE = Automatic;
				CURRENT_PROJECT_VERSION = 1;
				GENERATE_INFOPLIST_FILE = YES;
				INFOPLIST_FILE = ToDoList/Info.plist;
				INFOPLIST_KEY_UIApplicationSupportsIndirectInputEvents = YES;
				INFOPLIST_KEY_UILaunchStoryboardName = LaunchScreen;
				INFOPLIST_KEY_UIMainStoryboardFile = Main;
				INFOPLIST_KEY_UISupportedInterfaceOrientations_iPad = "UIInterfaceOrientationPortrait UIInterfaceOrientationPortraitUpsideDown UIInterfaceOrientationLandscapeLeft UIInterfaceOrientationLandscapeRight";
				INFOPLIST_KEY_UISupportedInterfaceOrientations_iPhone = "UIInterfaceOrientationPortrait UIInterfaceOrientationLandscapeLeft UIInterfaceOrientationLandscapeRight";
				LD_RUNPATH_SEARCH_PATHS = (
					"$(inherited)",
					"@executable_path/Frameworks",
				);
				MARKETING_VERSION = 1.0;
				PRODUCT_BUNDLE_IDENTIFIER = SeaPile.ToDoList;
				PRODUCT_NAME = "$(TARGET_NAME)";
				SWIFT_EMIT_LOC_STRINGS = YES;
				SWIFT_VERSION = 5.0;
				TARGETED_DEVICE_FAMILY = "1,2";
			};
			name = Release;
		};
		CAC1D6962A379EEE005A45BC /* Debug */ = {
			isa = XCBuildConfiguration;
			buildSettings = {
				ALWAYS_EMBED_SWIFT_STANDARD_LIBRARIES = YES;
				BUNDLE_LOADER = "$(TEST_HOST)";
				CODE_SIGN_STYLE = Automatic;
				CURRENT_PROJECT_VERSION = 1;
				GENERATE_INFOPLIST_FILE = YES;
				IPHONEOS_DEPLOYMENT_TARGET = 16.4;
				MARKETING_VERSION = 1.0;
				PRODUCT_BUNDLE_IDENTIFIER = SeaPile.ToDoListTests;
				PRODUCT_NAME = "$(TARGET_NAME)";
				SWIFT_EMIT_LOC_STRINGS = NO;
				SWIFT_VERSION = 5.0;
				TARGETED_DEVICE_FAMILY = "1,2";
				TEST_HOST = "$(BUILT_PRODUCTS_DIR)/ToDoList.app/$(BUNDLE_EXECUTABLE_FOLDER_PATH)/ToDoList";
			};
			name = Debug;
		};
		CAC1D6972A379EEE005A45BC /* Release */ = {
			isa = XCBuildConfiguration;
			buildSettings = {
				ALWAYS_EMBED_SWIFT_STANDARD_LIBRARIES = YES;
				BUNDLE_LOADER = "$(TEST_HOST)";
				CODE_SIGN_STYLE = Automatic;
				CURRENT_PROJECT_VERSION = 1;
				GENERATE_INFOPLIST_FILE = YES;
				IPHONEOS_DEPLOYMENT_TARGET = 16.4;
				MARKETING_VERSION = 1.0;
				PRODUCT_BUNDLE_IDENTIFIER = SeaPile.ToDoListTests;
				PRODUCT_NAME = "$(TARGET_NAME)";
				SWIFT_EMIT_LOC_STRINGS = NO;
				SWIFT_VERSION = 5.0;
				TARGETED_DEVICE_FAMILY = "1,2";
				TEST_HOST = "$(BUILT_PRODUCTS_DIR)/ToDoList.app/$(BUNDLE_EXECUTABLE_FOLDER_PATH)/ToDoList";
			};
			name = Release;
		};
/* End XCBuildConfiguration section */

/* Begin XCConfigurationList section */
		CAC1D6632A379EEC005A45BC /* Build configuration list for PBXProject "ToDoList" */ = {
			isa = XCConfigurationList;
			buildConfigurations = (
				CAC1D6902A379EEE005A45BC /* Debug */,
				CAC1D6912A379EEE005A45BC /* Release */,
			);
			defaultConfigurationIsVisible = 0;
			defaultConfigurationName = Release;
		};
		CAC1D6922A379EEE005A45BC /* Build configuration list for PBXNativeTarget "ToDoList" */ = {
			isa = XCConfigurationList;
			buildConfigurations = (
				CAC1D6932A379EEE005A45BC /* Debug */,
				CAC1D6942A379EEE005A45BC /* Release */,
			);
			defaultConfigurationIsVisible = 0;
			defaultConfigurationName = Release;
		};
		CAC1D6952A379EEE005A45BC /* Build configuration list for PBXNativeTarget "ToDoListTests" */ = {
			isa = XCConfigurationList;
			buildConfigurations = (
				CAC1D6962A379EEE005A45BC /* Debug */,
				CAC1D6972A379EEE005A45BC /* Release */,
			);
			defaultConfigurationIsVisible = 0;
			defaultConfigurationName = Release;
		};
/* End XCConfigurationList section */
	};
	rootObject = CAC1D6602A379EEC005A45BC /* Project object */;
}
